// !$*UTF8*$!
{
	archiveVersion = 1;
	classes = {
	};
	objectVersion = 55;
	objects = {

/* Begin PBXBuildFile section */
		C50F7D7127AC6964003D5B5E /* AppDelegate.swift in Sources */ = {isa = PBXBuildFile; fileRef = C50F7D7027AC6964003D5B5E /* AppDelegate.swift */; };
		C50F7D7327AC6964003D5B5E /* SceneDelegate.swift in Sources */ = {isa = PBXBuildFile; fileRef = C50F7D7227AC6964003D5B5E /* SceneDelegate.swift */; };
		C50F7D7527AC6964003D5B5E /* ViewController.swift in Sources */ = {isa = PBXBuildFile; fileRef = C50F7D7427AC6964003D5B5E /* ViewController.swift */; };
		C50F7D7A27AC6966003D5B5E /* Assets.xcassets in Resources */ = {isa = PBXBuildFile; fileRef = C50F7D7927AC6966003D5B5E /* Assets.xcassets */; };
		C50F7D7D27AC6966003D5B5E /* LaunchScreen.storyboard in Resources */ = {isa = PBXBuildFile; fileRef = C50F7D7B27AC6966003D5B5E /* LaunchScreen.storyboard */; };
		C50F7D8827AC6966003D5B5E /* GitHubProgrammaticallyTests.swift in Sources */ = {isa = PBXBuildFile; fileRef = C50F7D8727AC6966003D5B5E /* GitHubProgrammaticallyTests.swift */; };
		C50F7D9227AC6966003D5B5E /* GitHubProgrammaticallyUITests.swift in Sources */ = {isa = PBXBuildFile; fileRef = C50F7D9127AC6966003D5B5E /* GitHubProgrammaticallyUITests.swift */; };
		C50F7D9427AC6966003D5B5E /* GitHubProgrammaticallyUITestsLaunchTests.swift in Sources */ = {isa = PBXBuildFile; fileRef = C50F7D9327AC6966003D5B5E /* GitHubProgrammaticallyUITestsLaunchTests.swift */; };
/* End PBXBuildFile section */

/* Begin PBXContainerItemProxy section */
		C50F7D8427AC6966003D5B5E /* PBXContainerItemProxy */ = {
			isa = PBXContainerItemProxy;
			containerPortal = C50F7D6527AC6964003D5B5E /* Project object */;
			proxyType = 1;
			remoteGlobalIDString = C50F7D6C27AC6964003D5B5E;
			remoteInfo = GitHubProgrammatically;
		};
		C50F7D8E27AC6966003D5B5E /* PBXContainerItemProxy */ = {
			isa = PBXContainerItemProxy;
			containerPortal = C50F7D6527AC6964003D5B5E /* Project object */;
			proxyType = 1;
			remoteGlobalIDString = C50F7D6C27AC6964003D5B5E;
			remoteInfo = GitHubProgrammatically;
		};
/* End PBXContainerItemProxy section */

/* Begin PBXFileReference section */
		C50F7D6D27AC6964003D5B5E /* GitHubProgrammatically.app */ = {isa = PBXFileReference; explicitFileType = wrapper.application; includeInIndex = 0; path = GitHubProgrammatically.app; sourceTree = BUILT_PRODUCTS_DIR; };
		C50F7D7027AC6964003D5B5E /* AppDelegate.swift */ = {isa = PBXFileReference; lastKnownFileType = sourcecode.swift; path = AppDelegate.swift; sourceTree = "<group>"; };
		C50F7D7227AC6964003D5B5E /* SceneDelegate.swift */ = {isa = PBXFileReference; lastKnownFileType = sourcecode.swift; path = SceneDelegate.swift; sourceTree = "<group>"; };
		C50F7D7427AC6964003D5B5E /* ViewController.swift */ = {isa = PBXFileReference; lastKnownFileType = sourcecode.swift; path = ViewController.swift; sourceTree = "<group>"; };
		C50F7D7927AC6966003D5B5E /* Assets.xcassets */ = {isa = PBXFileReference; lastKnownFileType = folder.assetcatalog; path = Assets.xcassets; sourceTree = "<group>"; };
		C50F7D7C27AC6966003D5B5E /* Base */ = {isa = PBXFileReference; lastKnownFileType = file.storyboard; name = Base; path = Base.lproj/LaunchScreen.storyboard; sourceTree = "<group>"; };
		C50F7D7E27AC6966003D5B5E /* Info.plist */ = {isa = PBXFileReference; lastKnownFileType = text.plist.xml; path = Info.plist; sourceTree = "<group>"; };
		C50F7D8327AC6966003D5B5E /* GitHubProgrammaticallyTests.xctest */ = {isa = PBXFileReference; explicitFileType = wrapper.cfbundle; includeInIndex = 0; path = GitHubProgrammaticallyTests.xctest; sourceTree = BUILT_PRODUCTS_DIR; };
		C50F7D8727AC6966003D5B5E /* GitHubProgrammaticallyTests.swift */ = {isa = PBXFileReference; lastKnownFileType = sourcecode.swift; path = GitHubProgrammaticallyTests.swift; sourceTree = "<group>"; };
		C50F7D8D27AC6966003D5B5E /* GitHubProgrammaticallyUITests.xctest */ = {isa = PBXFileReference; explicitFileType = wrapper.cfbundle; includeInIndex = 0; path = GitHubProgrammaticallyUITests.xctest; sourceTree = BUILT_PRODUCTS_DIR; };
		C50F7D9127AC6966003D5B5E /* GitHubProgrammaticallyUITests.swift */ = {isa = PBXFileReference; lastKnownFileType = sourcecode.swift; path = GitHubProgrammaticallyUITests.swift; sourceTree = "<group>"; };
		C50F7D9327AC6966003D5B5E /* GitHubProgrammaticallyUITestsLaunchTests.swift */ = {isa = PBXFileReference; lastKnownFileType = sourcecode.swift; path = GitHubProgrammaticallyUITestsLaunchTests.swift; sourceTree = "<group>"; };
/* End PBXFileReference section */

/* Begin PBXFrameworksBuildPhase section */
		C50F7D6A27AC6964003D5B5E /* Frameworks */ = {
			isa = PBXFrameworksBuildPhase;
			buildActionMask = 2147483647;
			files = (
			);
			runOnlyForDeploymentPostprocessing = 0;
		};
		C50F7D8027AC6966003D5B5E /* Frameworks */ = {
			isa = PBXFrameworksBuildPhase;
			buildActionMask = 2147483647;
			files = (
			);
			runOnlyForDeploymentPostprocessing = 0;
		};
		C50F7D8A27AC6966003D5B5E /* Frameworks */ = {
			isa = PBXFrameworksBuildPhase;
			buildActionMask = 2147483647;
			files = (
			);
			runOnlyForDeploymentPostprocessing = 0;
		};
/* End PBXFrameworksBuildPhase section */

/* Begin PBXGroup section */
		C50F7D6427AC6964003D5B5E = {
			isa = PBXGroup;
			children = (
				C50F7D6F27AC6964003D5B5E /* GitHubProgrammatically */,
				C50F7D8627AC6966003D5B5E /* GitHubProgrammaticallyTests */,
				C50F7D9027AC6966003D5B5E /* GitHubProgrammaticallyUITests */,
				C50F7D6E27AC6964003D5B5E /* Products */,
			);
			sourceTree = "<group>";
		};
		C50F7D6E27AC6964003D5B5E /* Products */ = {
			isa = PBXGroup;
			children = (
				C50F7D6D27AC6964003D5B5E /* GitHubProgrammatically.app */,
				C50F7D8327AC6966003D5B5E /* GitHubProgrammaticallyTests.xctest */,
				C50F7D8D27AC6966003D5B5E /* GitHubProgrammaticallyUITests.xctest */,
			);
			name = Products;
			sourceTree = "<group>";
		};
		C50F7D6F27AC6964003D5B5E /* GitHubProgrammatically */ = {
			isa = PBXGroup;
			children = (
				C50F7D7027AC6964003D5B5E /* AppDelegate.swift */,
				C50F7D7227AC6964003D5B5E /* SceneDelegate.swift */,
				C50F7D7427AC6964003D5B5E /* ViewController.swift */,
				C50F7D7927AC6966003D5B5E /* Assets.xcassets */,
				C50F7D7B27AC6966003D5B5E /* LaunchScreen.storyboard */,
				C50F7D7E27AC6966003D5B5E /* Info.plist */,
				C50F7DA027AC74EA003D5B5E /* New Group */,
			);
			path = GitHubProgrammatically;
			sourceTree = "<group>";
		};
		C50F7D8627AC6966003D5B5E /* GitHubProgrammaticallyTests */ = {
			isa = PBXGroup;
			children = (
				C50F7D8727AC6966003D5B5E /* GitHubProgrammaticallyTests.swift */,
			);
			path = GitHubProgrammaticallyTests;
			sourceTree = "<group>";
		};
		C50F7D9027AC6966003D5B5E /* GitHubProgrammaticallyUITests */ = {
			isa = PBXGroup;
			children = (
				C50F7D9127AC6966003D5B5E /* GitHubProgrammaticallyUITests.swift */,
				C50F7D9327AC6966003D5B5E /* GitHubProgrammaticallyUITestsLaunchTests.swift */,
			);
			path = GitHubProgrammaticallyUITests;
			sourceTree = "<group>";
		};
		C50F7DA027AC74EA003D5B5E /* New Group */ = {
			isa = PBXGroup;
			children = (
			);
			path = "New Group";
			sourceTree = "<group>";
		};
/* End PBXGroup section */

/* Begin PBXNativeTarget section */
		C50F7D6C27AC6964003D5B5E /* GitHubProgrammatically */ = {
			isa = PBXNativeTarget;
			buildConfigurationList = C50F7D9727AC6966003D5B5E /* Build configuration list for PBXNativeTarget "GitHubProgrammatically" */;
			buildPhases = (
				C50F7D6927AC6964003D5B5E /* Sources */,
				C50F7D6A27AC6964003D5B5E /* Frameworks */,
				C50F7D6B27AC6964003D5B5E /* Resources */,
			);
			buildRules = (
			);
			dependencies = (
			);
			name = GitHubProgrammatically;
			productName = GitHubProgrammatically;
			productReference = C50F7D6D27AC6964003D5B5E /* GitHubProgrammatically.app */;
			productType = "com.apple.product-type.application";
		};
		C50F7D8227AC6966003D5B5E /* GitHubProgrammaticallyTests */ = {
			isa = PBXNativeTarget;
			buildConfigurationList = C50F7D9A27AC6966003D5B5E /* Build configuration list for PBXNativeTarget "GitHubProgrammaticallyTests" */;
			buildPhases = (
				C50F7D7F27AC6966003D5B5E /* Sources */,
				C50F7D8027AC6966003D5B5E /* Frameworks */,
				C50F7D8127AC6966003D5B5E /* Resources */,
			);
			buildRules = (
			);
			dependencies = (
				C50F7D8527AC6966003D5B5E /* PBXTargetDependency */,
			);
			name = GitHubProgrammaticallyTests;
			productName = GitHubProgrammaticallyTests;
			productReference = C50F7D8327AC6966003D5B5E /* GitHubProgrammaticallyTests.xctest */;
			productType = "com.apple.product-type.bundle.unit-test";
		};
		C50F7D8C27AC6966003D5B5E /* GitHubProgrammaticallyUITests */ = {
			isa = PBXNativeTarget;
			buildConfigurationList = C50F7D9D27AC6966003D5B5E /* Build configuration list for PBXNativeTarget "GitHubProgrammaticallyUITests" */;
			buildPhases = (
				C50F7D8927AC6966003D5B5E /* Sources */,
				C50F7D8A27AC6966003D5B5E /* Frameworks */,
				C50F7D8B27AC6966003D5B5E /* Resources */,
			);
			buildRules = (
			);
			dependencies = (
				C50F7D8F27AC6966003D5B5E /* PBXTargetDependency */,
			);
			name = GitHubProgrammaticallyUITests;
			productName = GitHubProgrammaticallyUITests;
			productReference = C50F7D8D27AC6966003D5B5E /* GitHubProgrammaticallyUITests.xctest */;
			productType = "com.apple.product-type.bundle.ui-testing";
		};
/* End PBXNativeTarget section */

/* Begin PBXProject section */
		C50F7D6527AC6964003D5B5E /* Project object */ = {
			isa = PBXProject;
			attributes = {
				BuildIndependentTargetsInParallel = 1;
				LastSwiftUpdateCheck = 1320;
				LastUpgradeCheck = 1320;
				TargetAttributes = {
					C50F7D6C27AC6964003D5B5E = {
						CreatedOnToolsVersion = 13.2;
					};
					C50F7D8227AC6966003D5B5E = {
						CreatedOnToolsVersion = 13.2;
						TestTargetID = C50F7D6C27AC6964003D5B5E;
					};
					C50F7D8C27AC6966003D5B5E = {
						CreatedOnToolsVersion = 13.2;
						TestTargetID = C50F7D6C27AC6964003D5B5E;
					};
				};
			};
			buildConfigurationList = C50F7D6827AC6964003D5B5E /* Build configuration list for PBXProject "GitHubProgrammatically" */;
			compatibilityVersion = "Xcode 13.0";
			developmentRegion = en;
			hasScannedForEncodings = 0;
			knownRegions = (
				en,
				Base,
			);
			mainGroup = C50F7D6427AC6964003D5B5E;
			productRefGroup = C50F7D6E27AC6964003D5B5E /* Products */;
			projectDirPath = "";
			projectRoot = "";
			targets = (
				C50F7D6C27AC6964003D5B5E /* GitHubProgrammatically */,
				C50F7D8227AC6966003D5B5E /* GitHubProgrammaticallyTests */,
				C50F7D8C27AC6966003D5B5E /* GitHubProgrammaticallyUITests */,
			);
		};
/* End PBXProject section */

/* Begin PBXResourcesBuildPhase section */
		C50F7D6B27AC6964003D5B5E /* Resources */ = {
			isa = PBXResourcesBuildPhase;
			buildActionMask = 2147483647;
			files = (
				C50F7D7D27AC6966003D5B5E /* LaunchScreen.storyboard in Resources */,
				C50F7D7A27AC6966003D5B5E /* Assets.xcassets in Resources */,
			);
			runOnlyForDeploymentPostprocessing = 0;
		};
		C50F7D8127AC6966003D5B5E /* Resources */ = {
			isa = PBXResourcesBuildPhase;
			buildActionMask = 2147483647;
			files = (
			);
			runOnlyForDeploymentPostprocessing = 0;
		};
		C50F7D8B27AC6966003D5B5E /* Resources */ = {
			isa = PBXResourcesBuildPhase;
			buildActionMask = 2147483647;
			files = (
			);
			runOnlyForDeploymentPostprocessing = 0;
		};
/* End PBXResourcesBuildPhase section */

/* Begin PBXSourcesBuildPhase section */
		C50F7D6927AC6964003D5B5E /* Sources */ = {
			isa = PBXSourcesBuildPhase;
			buildActionMask = 2147483647;
			files = (
				C50F7D7527AC6964003D5B5E /* ViewController.swift in Sources */,
				C50F7D7127AC6964003D5B5E /* AppDelegate.swift in Sources */,
				C50F7D7327AC6964003D5B5E /* SceneDelegate.swift in Sources */,
			);
			runOnlyForDeploymentPostprocessing = 0;
		};
		C50F7D7F27AC6966003D5B5E /* Sources */ = {
			isa = PBXSourcesBuildPhase;
			buildActionMask = 2147483647;
			files = (
				C50F7D8827AC6966003D5B5E /* GitHubProgrammaticallyTests.swift in Sources */,
			);
			runOnlyForDeploymentPostprocessing = 0;
		};
		C50F7D8927AC6966003D5B5E /* Sources */ = {
			isa = PBXSourcesBuildPhase;
			buildActionMask = 2147483647;
			files = (
				C50F7D9227AC6966003D5B5E /* GitHubProgrammaticallyUITests.swift in Sources */,
				C50F7D9427AC6966003D5B5E /* GitHubProgrammaticallyUITestsLaunchTests.swift in Sources */,
			);
			runOnlyForDeploymentPostprocessing = 0;
		};
/* End PBXSourcesBuildPhase section */

/* Begin PBXTargetDependency section */
		C50F7D8527AC6966003D5B5E /* PBXTargetDependency */ = {
			isa = PBXTargetDependency;
			target = C50F7D6C27AC6964003D5B5E /* GitHubProgrammatically */;
			targetProxy = C50F7D8427AC6966003D5B5E /* PBXContainerItemProxy */;
		};
		C50F7D8F27AC6966003D5B5E /* PBXTargetDependency */ = {
			isa = PBXTargetDependency;
			target = C50F7D6C27AC6964003D5B5E /* GitHubProgrammatically */;
			targetProxy = C50F7D8E27AC6966003D5B5E /* PBXContainerItemProxy */;
		};
/* End PBXTargetDependency section */

/* Begin PBXVariantGroup section */
		C50F7D7B27AC6966003D5B5E /* LaunchScreen.storyboard */ = {
			isa = PBXVariantGroup;
			children = (
				C50F7D7C27AC6966003D5B5E /* Base */,
			);
			name = LaunchScreen.storyboard;
			sourceTree = "<group>";
		};
/* End PBXVariantGroup section */

/* Begin XCBuildConfiguration section */
		C50F7D9527AC6966003D5B5E /* Debug */ = {
			isa = XCBuildConfiguration;
			buildSettings = {
				ALWAYS_SEARCH_USER_PATHS = NO;
				CLANG_ANALYZER_NONNULL = YES;
				CLANG_ANALYZER_NUMBER_OBJECT_CONVERSION = YES_AGGRESSIVE;
				CLANG_CXX_LANGUAGE_STANDARD = "gnu++17";
				CLANG_CXX_LIBRARY = "libc++";
				CLANG_ENABLE_MODULES = YES;
				CLANG_ENABLE_OBJC_ARC = YES;
				CLANG_ENABLE_OBJC_WEAK = YES;
				CLANG_WARN_BLOCK_CAPTURE_AUTORELEASING = YES;
				CLANG_WARN_BOOL_CONVERSION = YES;
				CLANG_WARN_COMMA = YES;
				CLANG_WARN_CONSTANT_CONVERSION = YES;
				CLANG_WARN_DEPRECATED_OBJC_IMPLEMENTATIONS = YES;
				CLANG_WARN_DIRECT_OBJC_ISA_USAGE = YES_ERROR;
				CLANG_WARN_DOCUMENTATION_COMMENTS = YES;
				CLANG_WARN_EMPTY_BODY = YES;
				CLANG_WARN_ENUM_CONVERSION = YES;
				CLANG_WARN_INFINITE_RECURSION = YES;
				CLANG_WARN_INT_CONVERSION = YES;
				CLANG_WARN_NON_LITERAL_NULL_CONVERSION = YES;
				CLANG_WARN_OBJC_IMPLICIT_RETAIN_SELF = YES;
				CLANG_WARN_OBJC_LITERAL_CONVERSION = YES;
				CLANG_WARN_OBJC_ROOT_CLASS = YES_ERROR;
				CLANG_WARN_QUOTED_INCLUDE_IN_FRAMEWORK_HEADER = YES;
				CLANG_WARN_RANGE_LOOP_ANALYSIS = YES;
				CLANG_WARN_STRICT_PROTOTYPES = YES;
				CLANG_WARN_SUSPICIOUS_MOVE = YES;
				CLANG_WARN_UNGUARDED_AVAILABILITY = YES_AGGRESSIVE;
				CLANG_WARN_UNREACHABLE_CODE = YES;
				CLANG_WARN__DUPLICATE_METHOD_MATCH = YES;
				COPY_PHASE_STRIP = NO;
				DEBUG_INFORMATION_FORMAT = dwarf;
				ENABLE_STRICT_OBJC_MSGSEND = YES;
				ENABLE_TESTABILITY = YES;
				GCC_C_LANGUAGE_STANDARD = gnu11;
				GCC_DYNAMIC_NO_PIC = NO;
				GCC_NO_COMMON_BLOCKS = YES;
				GCC_OPTIMIZATION_LEVEL = 0;
				GCC_PREPROCESSOR_DEFINITIONS = (
					"DEBUG=1",
					"$(inherited)",
				);
				GCC_WARN_64_TO_32_BIT_CONVERSION = YES;
				GCC_WARN_ABOUT_RETURN_TYPE = YES_ERROR;
				GCC_WARN_UNDECLARED_SELECTOR = YES;
				GCC_WARN_UNINITIALIZED_AUTOS = YES_AGGRESSIVE;
				GCC_WARN_UNUSED_FUNCTION = YES;
				GCC_WARN_UNUSED_VARIABLE = YES;
				IPHONEOS_DEPLOYMENT_TARGET = 15.2;
				MTL_ENABLE_DEBUG_INFO = INCLUDE_SOURCE;
				MTL_FAST_MATH = YES;
				ONLY_ACTIVE_ARCH = YES;
				SDKROOT = iphoneos;
				SWIFT_ACTIVE_COMPILATION_CONDITIONS = DEBUG;
				SWIFT_OPTIMIZATION_LEVEL = "-Onone";
			};
			name = Debug;
		};
		C50F7D9627AC6966003D5B5E /* Release */ = {
			isa = XCBuildConfiguration;
			buildSettings = {
				ALWAYS_SEARCH_USER_PATHS = NO;
				CLANG_ANALYZER_NONNULL = YES;
				CLANG_ANALYZER_NUMBER_OBJECT_CONVERSION = YES_AGGRESSIVE;
				CLANG_CXX_LANGUAGE_STANDARD = "gnu++17";
				CLANG_CXX_LIBRARY = "libc++";
				CLANG_ENABLE_MODULES = YES;
				CLANG_ENABLE_OBJC_ARC = YES;
				CLANG_ENABLE_OBJC_WEAK = YES;
				CLANG_WARN_BLOCK_CAPTURE_AUTORELEASING = YES;
				CLANG_WARN_BOOL_CONVERSION = YES;
				CLANG_WARN_COMMA = YES;
				CLANG_WARN_CONSTANT_CONVERSION = YES;
				CLANG_WARN_DEPRECATED_OBJC_IMPLEMENTATIONS = YES;
				CLANG_WARN_DIRECT_OBJC_ISA_USAGE = YES_ERROR;
				CLANG_WARN_DOCUMENTATION_COMMENTS = YES;
				CLANG_WARN_EMPTY_BODY = YES;
				CLANG_WARN_ENUM_CONVERSION = YES;
				CLANG_WARN_INFINITE_RECURSION = YES;
				CLANG_WARN_INT_CONVERSION = YES;
				CLANG_WARN_NON_LITERAL_NULL_CONVERSION = YES;
				CLANG_WARN_OBJC_IMPLICIT_RETAIN_SELF = YES;
				CLANG_WARN_OBJC_LITERAL_CONVERSION = YES;
				CLANG_WARN_OBJC_ROOT_CLASS = YES_ERROR;
				CLANG_WARN_QUOTED_INCLUDE_IN_FRAMEWORK_HEADER = YES;
				CLANG_WARN_RANGE_LOOP_ANALYSIS = YES;
				CLANG_WARN_STRICT_PROTOTYPES = YES;
				CLANG_WARN_SUSPICIOUS_MOVE = YES;
				CLANG_WARN_UNGUARDED_AVAILABILITY = YES_AGGRESSIVE;
				CLANG_WARN_UNREACHABLE_CODE = YES;
				CLANG_WARN__DUPLICATE_METHOD_MATCH = YES;
				COPY_PHASE_STRIP = NO;
				DEBUG_INFORMATION_FORMAT = "dwarf-with-dsym";
				ENABLE_NS_ASSERTIONS = NO;
				ENABLE_STRICT_OBJC_MSGSEND = YES;
				GCC_C_LANGUAGE_STANDARD = gnu11;
				GCC_NO_COMMON_BLOCKS = YES;
				GCC_WARN_64_TO_32_BIT_CONVERSION = YES;
				GCC_WARN_ABOUT_RETURN_TYPE = YES_ERROR;
				GCC_WARN_UNDECLARED_SELECTOR = YES;
				GCC_WARN_UNINITIALIZED_AUTOS = YES_AGGRESSIVE;
				GCC_WARN_UNUSED_FUNCTION = YES;
				GCC_WARN_UNUSED_VARIABLE = YES;
				IPHONEOS_DEPLOYMENT_TARGET = 15.2;
				MTL_ENABLE_DEBUG_INFO = NO;
				MTL_FAST_MATH = YES;
				SDKROOT = iphoneos;
				SWIFT_COMPILATION_MODE = wholemodule;
				SWIFT_OPTIMIZATION_LEVEL = "-O";
				VALIDATE_PRODUCT = YES;
			};
			name = Release;
		};
		C50F7D9827AC6966003D5B5E /* Debug */ = {
			isa = XCBuildConfiguration;
			buildSettings = {
				ASSETCATALOG_COMPILER_APPICON_NAME = AppIcon;
				ASSETCATALOG_COMPILER_GLOBAL_ACCENT_COLOR_NAME = AccentColor;
				CODE_SIGN_STYLE = Automatic;
				CURRENT_PROJECT_VERSION = 1;
				DEVELOPMENT_TEAM = K3G4Z22GEP;
				GENERATE_INFOPLIST_FILE = YES;
				INFOPLIST_FILE = GitHubProgrammatically/Info.plist;
				INFOPLIST_KEY_UIApplicationSupportsIndirectInputEvents = YES;
				INFOPLIST_KEY_UILaunchStoryboardName = LaunchScreen;
				INFOPLIST_KEY_UISupportedInterfaceOrientations = UIInterfaceOrientationPortrait;
				INFOPLIST_KEY_UISupportedInterfaceOrientations_iPad = "UIInterfaceOrientationPortrait UIInterfaceOrientationPortraitUpsideDown UIInterfaceOrientationLandscapeLeft UIInterfaceOrientationLandscapeRight";
				INFOPLIST_KEY_UISupportedInterfaceOrientations_iPhone = "UIInterfaceOrientationPortrait UIInterfaceOrientationLandscapeLeft UIInterfaceOrientationLandscapeRight";
				LD_RUNPATH_SEARCH_PATHS = (
					"$(inherited)",
					"@executable_path/Frameworks",
				);
				MARKETING_VERSION = 1.0;
				PRODUCT_BUNDLE_IDENTIFIER = com.dogabayram.GitHubProgrammatically;
				PRODUCT_NAME = "$(TARGET_NAME)";
				SWIFT_EMIT_LOC_STRINGS = YES;
				SWIFT_VERSION = 5.0;
				TARGETED_DEVICE_FAMILY = "1,2";
			};
			name = Debug;
		};
		C50F7D9927AC6966003D5B5E /* Release */ = {
			isa = XCBuildConfiguration;
			buildSettings = {
				ASSETCATALOG_COMPILER_APPICON_NAME = AppIcon;
				ASSETCATALOG_COMPILER_GLOBAL_ACCENT_COLOR_NAME = AccentColor;
				CODE_SIGN_STYLE = Automatic;
				CURRENT_PROJECT_VERSION = 1;
				DEVELOPMENT_TEAM = K3G4Z22GEP;
				GENERATE_INFOPLIST_FILE = YES;
				INFOPLIST_FILE = GitHubProgrammatically/Info.plist;
				INFOPLIST_KEY_UIApplicationSupportsIndirectInputEvents = YES;
				INFOPLIST_KEY_UILaunchStoryboardName = LaunchScreen;
				INFOPLIST_KEY_UISupportedInterfaceOrientations = UIInterfaceOrientationPortrait;
				INFOPLIST_KEY_UISupportedInterfaceOrientations_iPad = "UIInterfaceOrientationPortrait UIInterfaceOrientationPortraitUpsideDown UIInterfaceOrientationLandscapeLeft UIInterfaceOrientationLandscapeRight";
				INFOPLIST_KEY_UISupportedInterfaceOrientations_iPhone = "UIInterfaceOrientationPortrait UIInterfaceOrientationLandscapeLeft UIInterfaceOrientationLandscapeRight";
				LD_RUNPATH_SEARCH_PATHS = (
					"$(inherited)",
					"@executable_path/Frameworks",
				);
				MARKETING_VERSION = 1.0;
				PRODUCT_BUNDLE_IDENTIFIER = com.dogabayram.GitHubProgrammatically;
				PRODUCT_NAME = "$(TARGET_NAME)";
				SWIFT_EMIT_LOC_STRINGS = YES;
				SWIFT_VERSION = 5.0;
				TARGETED_DEVICE_FAMILY = "1,2";
			};
			name = Release;
		};
		C50F7D9B27AC6966003D5B5E /* Debug */ = {
			isa = XCBuildConfiguration;
			buildSettings = {
				ALWAYS_EMBED_SWIFT_STANDARD_LIBRARIES = YES;
				BUNDLE_LOADER = "$(TEST_HOST)";
				CODE_SIGN_STYLE = Automatic;
				CURRENT_PROJECT_VERSION = 1;
				DEVELOPMENT_TEAM = K3G4Z22GEP;
				GENERATE_INFOPLIST_FILE = YES;
				IPHONEOS_DEPLOYMENT_TARGET = 15.2;
				MARKETING_VERSION = 1.0;
				PRODUCT_BUNDLE_IDENTIFIER = com.dogabayram.GitHubProgrammaticallyTests;
				PRODUCT_NAME = "$(TARGET_NAME)";
				SWIFT_EMIT_LOC_STRINGS = NO;
				SWIFT_VERSION = 5.0;
				TARGETED_DEVICE_FAMILY = "1,2";
				TEST_HOST = "$(BUILT_PRODUCTS_DIR)/GitHubProgrammatically.app/GitHubProgrammatically";
			};
			name = Debug;
		};
		C50F7D9C27AC6966003D5B5E /* Release */ = {
			isa = XCBuildConfiguration;
			buildSettings = {
				ALWAYS_EMBED_SWIFT_STANDARD_LIBRARIES = YES;
				BUNDLE_LOADER = "$(TEST_HOST)";
				CODE_SIGN_STYLE = Automatic;
				CURRENT_PROJECT_VERSION = 1;
				DEVELOPMENT_TEAM = K3G4Z22GEP;
				GENERATE_INFOPLIST_FILE = YES;
				IPHONEOS_DEPLOYMENT_TARGET = 15.2;
				MARKETING_VERSION = 1.0;
				PRODUCT_BUNDLE_IDENTIFIER = com.dogabayram.GitHubProgrammaticallyTests;
				PRODUCT_NAME = "$(TARGET_NAME)";
				SWIFT_EMIT_LOC_STRINGS = NO;
				SWIFT_VERSION = 5.0;
				TARGETED_DEVICE_FAMILY = "1,2";
				TEST_HOST = "$(BUILT_PRODUCTS_DIR)/GitHubProgrammatically.app/GitHubProgrammatically";
			};
			name = Release;
		};
		C50F7D9E27AC6966003D5B5E /* Debug */ = {
			isa = XCBuildConfiguration;
			buildSettings = {
				ALWAYS_EMBED_SWIFT_STANDARD_LIBRARIES = YES;
				CODE_SIGN_STYLE = Automatic;
				CURRENT_PROJECT_VERSION = 1;
				DEVELOPMENT_TEAM = K3G4Z22GEP;
				GENERATE_INFOPLIST_FILE = YES;
				MARKETING_VERSION = 1.0;
				PRODUCT_BUNDLE_IDENTIFIER = com.dogabayram.GitHubProgrammaticallyUITests;
				PRODUCT_NAME = "$(TARGET_NAME)";
				SWIFT_EMIT_LOC_STRINGS = NO;
				SWIFT_VERSION = 5.0;
				TARGETED_DEVICE_FAMILY = "1,2";
				TEST_TARGET_NAME = GitHubProgrammatically;
			};
			name = Debug;
		};
		C50F7D9F27AC6966003D5B5E /* Release */ = {
			isa = XCBuildConfiguration;
			buildSettings = {
				ALWAYS_EMBED_SWIFT_STANDARD_LIBRARIES = YES;
				CODE_SIGN_STYLE = Automatic;
				CURRENT_PROJECT_VERSION = 1;
				DEVELOPMENT_TEAM = K3G4Z22GEP;
				GENERATE_INFOPLIST_FILE = YES;
				MARKETING_VERSION = 1.0;
				PRODUCT_BUNDLE_IDENTIFIER = com.dogabayram.GitHubProgrammaticallyUITests;
				PRODUCT_NAME = "$(TARGET_NAME)";
				SWIFT_EMIT_LOC_STRINGS = NO;
				SWIFT_VERSION = 5.0;
				TARGETED_DEVICE_FAMILY = "1,2";
				TEST_TARGET_NAME = GitHubProgrammatically;
			};
			name = Release;
		};
/* End XCBuildConfiguration section */

/* Begin XCConfigurationList section */
		C50F7D6827AC6964003D5B5E /* Build configuration list for PBXProject "GitHubProgrammatically" */ = {
			isa = XCConfigurationList;
			buildConfigurations = (
				C50F7D9527AC6966003D5B5E /* Debug */,
				C50F7D9627AC6966003D5B5E /* Release */,
			);
			defaultConfigurationIsVisible = 0;
			defaultConfigurationName = Release;
		};
		C50F7D9727AC6966003D5B5E /* Build configuration list for PBXNativeTarget "GitHubProgrammatically" */ = {
			isa = XCConfigurationList;
			buildConfigurations = (
				C50F7D9827AC6966003D5B5E /* Debug */,
				C50F7D9927AC6966003D5B5E /* Release */,
			);
			defaultConfigurationIsVisible = 0;
			defaultConfigurationName = Release;
		};
		C50F7D9A27AC6966003D5B5E /* Build configuration list for PBXNativeTarget "GitHubProgrammaticallyTests" */ = {
			isa = XCConfigurationList;
			buildConfigurations = (
				C50F7D9B27AC6966003D5B5E /* Debug */,
				C50F7D9C27AC6966003D5B5E /* Release */,
			);
			defaultConfigurationIsVisible = 0;
			defaultConfigurationName = Release;
		};
		C50F7D9D27AC6966003D5B5E /* Build configuration list for PBXNativeTarget "GitHubProgrammaticallyUITests" */ = {
			isa = XCConfigurationList;
			buildConfigurations = (
				C50F7D9E27AC6966003D5B5E /* Debug */,
				C50F7D9F27AC6966003D5B5E /* Release */,
			);
			defaultConfigurationIsVisible = 0;
			defaultConfigurationName = Release;
		};
/* End XCConfigurationList section */
	};
	rootObject = C50F7D6527AC6964003D5B5E /* Project object */;
}
